hash: 8911dd6e65cbd7bf887d832bf7f79ff6f9c8bc0043ac2674148f93037fe8a929
updated: 2016-12-05T17:36:55.277497818-07:00
imports:
- name: github.com/arschles/assert
  version: bb58b908265b5931732079df03f2818bf2167ba0
- name: github.com/golang/protobuf
  version: df1d3ca07d2d07bba352d5b73c4313b4e2a6203e
  subpackages:
  - proto
- name: github.com/google/go-github
  version: dccec7b5f17234b8219494c2b5b03af034e08c04
  subpackages:
  - github
- name: github.com/google/go-querystring
  version: 9235644dd9e52eeae6fa48efd539fdc351a0af53
  subpackages:
  - query
- name: github.com/urfave/cli
  version: 0bdeddeeb0f650497d603c4ad7b20cfe685682f6
- name: golang.org/x/net
  version: fb93926129b8ec0056f2f458b1f519654814edf0
  subpackages:
  - context
- name: golang.org/x/oauth2
  version: b5adcc2dcdf009d0391547edc6ecbaff889f5bb9
  subpackages:
  - internal
- name: google.golang.org/appengine
  version: 12d5545dc1cfa6047a286d5e853841b6471f4c19
  subpackages:
  - internal
  - internal/base
  - internal/datastore
  - internal/log
  - internal/remote_api
  - internal/urlfetch
  - urlfetch
- name: gopkg.in/yaml.v2
  version: a83829b6f1293c91addabc89d0571c246397bbf4
testImports: []
